
Microsoft Visual Studio Solution File, Format Version 12.00
# Visual Studio 15
VisualStudioVersion = 15.0.28307.102
MinimumVisualStudioVersion = 10.0.40219.1
Project("{2150E333-8FDC-42A3-9474-1A3956D46DE8}") = "Solution Items", "Solution Items", "{C654F8C4-C87E-463C-9443-4C11B0BB8F8D}"
	ProjectSection(SolutionItems) = preProject
		Accessories.html = Accessories.html
		Clothing.html = Clothing.html
		Clothing.php = Clothing.php
		Connect.php = Connect.php
		Favourites.php = Favourites.php
		Header.html = Header.html
		Home.html = Home.html
		Login.php = Login.php
		ShoppingCart.php = ShoppingCart.php
		StyleSheet1.css = StyleSheet1.css
	EndProjectSection
EndProject
Global
	GlobalSection(SolutionProperties) = preSolution
		HideSolutionNode = FALSE
	EndGlobalSection
	GlobalSection(ExtensibilityGlobals) = postSolution
		SolutionGuid = {2F3F3797-9008-446E-ADCF-0890D0458CE9}
	EndGlobalSection
EndGlobal
